
Microsoft Visual Studio Solution File, Format Version 12.00
# Visual Studio Version 16
VisualStudioVersion = 16.0.30503.244
MinimumVisualStudioVersion = 10.0.40219.1
Project("{FAE04EC0-301F-11D3-BF4B-00C04F79EFBC}") = "OperatorsExpressions", "OperatorsExpressions\OperatorsExpressions.csproj", "{C434DDD5-443A-4739-BF32-6E4AA88ACB8A}"
EndProject
Global
	GlobalSection(SolutionConfigurationPlatforms) = preSolution
		Debug|Any CPU = Debug|Any CPU
		Release|Any CPU = Release|Any CPU
	EndGlobalSection
	GlobalSection(ProjectConfigurationPlatforms) = postSolution
		{C434DDD5-443A-4739-BF32-6E4AA88ACB8A}.Debug|Any CPU.ActiveCfg = Debug|Any CPU
		{C434DDD5-443A-4739-BF32-6E4AA88ACB8A}.Debug|Any CPU.Build.0 = Debug|Any CPU
		{C434DDD5-443A-4739-BF32-6E4AA88ACB8A}.Release|Any CPU.ActiveCfg = Release|Any CPU
		{C434DDD5-443A-4739-BF32-6E4AA88ACB8A}.Release|Any CPU.Build.0 = Release|Any CPU
	EndGlobalSection
	GlobalSection(SolutionProperties) = preSolution
		HideSolutionNode = FALSE
	EndGlobalSection
	GlobalSection(ExtensibilityGlobals) = postSolution
		SolutionGuid = {1F982A4A-CCC5-4166-BE82-63FC52BFA62E}
	EndGlobalSection
EndGlobal
